<?xml version="1.0" encoding="UTF-8"?>
<Scheme
   version = "1.3">
   <BuildAction>
      <BuildActionEntries>
         <BuildActionEntry
            buildForRunning = "YES">
            <BuildableReference
               BuildableIdentifier = "primary"
               BlueprintIdentifier = "C0DC36D84EDD344EF6A596AF"
               BuildableName = "algo-cpp"
               BlueprintName = "algo-cpp"
               ReferencedContainer = "container:algo-cpp.xcodeproj">
            </BuildableReference>
         </BuildActionEntry>
      </BuildActionEntries>
   </BuildAction>
   <LaunchAction
      useCustomWorkingDirectory = "NO"
      buildConfiguration = "Debug">
      <BuildableProductRunnable>
         <BuildableReference
            BuildableIdentifier = "primary"
            BlueprintIdentifier = "C0DC36D84EDD344EF6A596AF"
            BuildableName = "algo-cpp"
            BlueprintName = "algo-cpp"
            ReferencedContainer = "container:algo-cpp.xcodeproj">
         </BuildableReference>
      </BuildableProductRunnable>
   </LaunchAction>
</Scheme>
